
Microsoft Visual Studio Solution File, Format Version 12.00
# Visual Studio Version 16
VisualStudioVersion = 16.0.30011.22
MinimumVisualStudioVersion = 10.0.40219.1
Project("{9A19103F-16F7-4668-BE54-9A1E7A4F7556}") = "JewelryStoreWebApp", "JewelryStoreWebApp\JewelryStoreWebApp.csproj", "{5851A802-2915-4C7C-9FF9-1959C636A0B2}"
EndProject
Project("{9A19103F-16F7-4668-BE54-9A1E7A4F7556}") = "JewelryStoreAPIs", "JewelryStoreAPIs\JewelryStoreAPIs.csproj", "{C5D67472-5B03-4174-A16A-F3012B7CCD69}"
EndProject
Project("{9A19103F-16F7-4668-BE54-9A1E7A4F7556}") = "ModelLayer", "ModelLayer\ModelLayer.csproj", "{53C4529A-7B1D-4CCB-8378-930AC9C02E01}"
EndProject
Project("{9A19103F-16F7-4668-BE54-9A1E7A4F7556}") = "JewelryStoreAPIs.Tests", "JewelryStoreAPIs.Tests\JewelryStoreAPIs.Tests.csproj", "{6AEAEE2C-08B3-43BE-A8B7-85E3DC033D1E}"
EndProject
Project("{FAE04EC0-301F-11D3-BF4B-00C04F79EFBC}") = "JewelryStoreWebApp.Tests", "JewelryStoreWebApp.Tests\JweleryStoreWebApp.Tests.csproj", "{5498F0D4-F1CA-40D3-99A6-F21A83A4ADD7}"
EndProject
Global
	GlobalSection(SolutionConfigurationPlatforms) = preSolution
		Debug|Any CPU = Debug|Any CPU
		Release|Any CPU = Release|Any CPU
	EndGlobalSection
	GlobalSection(ProjectConfigurationPlatforms) = postSolution
		{5851A802-2915-4C7C-9FF9-1959C636A0B2}.Debug|Any CPU.ActiveCfg = Debug|Any CPU
		{5851A802-2915-4C7C-9FF9-1959C636A0B2}.Debug|Any CPU.Build.0 = Debug|Any CPU
		{5851A802-2915-4C7C-9FF9-1959C636A0B2}.Release|Any CPU.ActiveCfg = Release|Any CPU
		{5851A802-2915-4C7C-9FF9-1959C636A0B2}.Release|Any CPU.Build.0 = Release|Any CPU
		{C5D67472-5B03-4174-A16A-F3012B7CCD69}.Debug|Any CPU.ActiveCfg = Debug|Any CPU
		{C5D67472-5B03-4174-A16A-F3012B7CCD69}.Debug|Any CPU.Build.0 = Debug|Any CPU
		{C5D67472-5B03-4174-A16A-F3012B7CCD69}.Release|Any CPU.ActiveCfg = Release|Any CPU
		{C5D67472-5B03-4174-A16A-F3012B7CCD69}.Release|Any CPU.Build.0 = Release|Any CPU
		{53C4529A-7B1D-4CCB-8378-930AC9C02E01}.Debug|Any CPU.ActiveCfg = Debug|Any CPU
		{53C4529A-7B1D-4CCB-8378-930AC9C02E01}.Debug|Any CPU.Build.0 = Debug|Any CPU
		{53C4529A-7B1D-4CCB-8378-930AC9C02E01}.Release|Any CPU.ActiveCfg = Release|Any CPU
		{53C4529A-7B1D-4CCB-8378-930AC9C02E01}.Release|Any CPU.Build.0 = Release|Any CPU
		{6AEAEE2C-08B3-43BE-A8B7-85E3DC033D1E}.Debug|Any CPU.ActiveCfg = Debug|Any CPU
		{6AEAEE2C-08B3-43BE-A8B7-85E3DC033D1E}.Debug|Any CPU.Build.0 = Debug|Any CPU
		{6AEAEE2C-08B3-43BE-A8B7-85E3DC033D1E}.Release|Any CPU.ActiveCfg = Release|Any CPU
		{6AEAEE2C-08B3-43BE-A8B7-85E3DC033D1E}.Release|Any CPU.Build.0 = Release|Any CPU
		{5498F0D4-F1CA-40D3-99A6-F21A83A4ADD7}.Debug|Any CPU.ActiveCfg = Debug|Any CPU
		{5498F0D4-F1CA-40D3-99A6-F21A83A4ADD7}.Debug|Any CPU.Build.0 = Debug|Any CPU
		{5498F0D4-F1CA-40D3-99A6-F21A83A4ADD7}.Release|Any CPU.ActiveCfg = Release|Any CPU
		{5498F0D4-F1CA-40D3-99A6-F21A83A4ADD7}.Release|Any CPU.Build.0 = Release|Any CPU
	EndGlobalSection
	GlobalSection(SolutionProperties) = preSolution
		HideSolutionNode = FALSE
	EndGlobalSection
	GlobalSection(ExtensibilityGlobals) = postSolution
		SolutionGuid = {E0CAF3FB-5602-4223-ACD3-55E6E11D7311}
	EndGlobalSection
EndGlobal
