
Microsoft Visual Studio Solution File, Format Version 12.00
# Visual Studio Version 16
VisualStudioVersion = 16.0.30011.22
MinimumVisualStudioVersion = 10.0.40219.1
Project("{FAE04EC0-301F-11D3-BF4B-00C04F79EFBC}") = "JewelryStoreWebApp", "JewelryStoreWebApp\JewelryStoreWebApp.csproj", "{5851A802-2915-4C7C-9FF9-1959C636A0B2}"
EndProject
Project("{FAE04EC0-301F-11D3-BF4B-00C04F79EFBC}") = "JewelryStoreAPIs", "JewelryStoreAPIs\JewelryStoreAPIs.csproj", "{C5D67472-5B03-4174-A16A-F3012B7CCD69}"
EndProject
Project("{FAE04EC0-301F-11D3-BF4B-00C04F79EFBC}") = "ModelLayer", "ModelLayer\ModelLayer.csproj", "{53C4529A-7B1D-4CCB-8378-930AC9C02E01}"
EndProject
Global
	GlobalSection(SolutionConfigurationPlatforms) = preSolution
		Debug|Any CPU = Debug|Any CPU
		Release|Any CPU = Release|Any CPU
	EndGlobalSection
	GlobalSection(ProjectConfigurationPlatforms) = postSolution
		{5851A802-2915-4C7C-9FF9-1959C636A0B2}.Debug|Any CPU.ActiveCfg = Debug|Any CPU
		{5851A802-2915-4C7C-9FF9-1959C636A0B2}.Debug|Any CPU.Build.0 = Debug|Any CPU
		{5851A802-2915-4C7C-9FF9-1959C636A0B2}.Release|Any CPU.ActiveCfg = Release|Any CPU
		{5851A802-2915-4C7C-9FF9-1959C636A0B2}.Release|Any CPU.Build.0 = Release|Any CPU
		{C5D67472-5B03-4174-A16A-F3012B7CCD69}.Debug|Any CPU.ActiveCfg = Debug|Any CPU
		{C5D67472-5B03-4174-A16A-F3012B7CCD69}.Debug|Any CPU.Build.0 = Debug|Any CPU
		{C5D67472-5B03-4174-A16A-F3012B7CCD69}.Release|Any CPU.ActiveCfg = Release|Any CPU
		{C5D67472-5B03-4174-A16A-F3012B7CCD69}.Release|Any CPU.Build.0 = Release|Any CPU
		{53C4529A-7B1D-4CCB-8378-930AC9C02E01}.Debug|Any CPU.ActiveCfg = Debug|Any CPU
		{53C4529A-7B1D-4CCB-8378-930AC9C02E01}.Debug|Any CPU.Build.0 = Debug|Any CPU
		{53C4529A-7B1D-4CCB-8378-930AC9C02E01}.Release|Any CPU.ActiveCfg = Release|Any CPU
		{53C4529A-7B1D-4CCB-8378-930AC9C02E01}.Release|Any CPU.Build.0 = Release|Any CPU
	EndGlobalSection
	GlobalSection(SolutionProperties) = preSolution
		HideSolutionNode = FALSE
	EndGlobalSection
	GlobalSection(ExtensibilityGlobals) = postSolution
		SolutionGuid = {E0CAF3FB-5602-4223-ACD3-55E6E11D7311}
	EndGlobalSection
EndGlobal
